
Microsoft Visual Studio Solution File, Format Version 12.00
# Visual Studio Version 17
VisualStudioVersion = 17.11.35312.102
MinimumVisualStudioVersion = 10.0.40219.1
Project("{FAE04EC0-301F-11D3-BF4B-00C04F79EFBC}") = "TelaPimExercicio", "TelaPimExercicio\TelaPimExercicio.csproj", "{B30667D8-F500-4483-BFAF-53D7A8583780}"
EndProject
Project("{2150E333-8FDC-42A3-9474-1A3956D46DE8}") = "Itens de Solução", "Itens de Solução", "{13C10691-0E91-4ED0-B043-2BD0FF3120E2}"
	ProjectSection(SolutionItems) = preProject
		Centralizador.cs = Centralizador.cs
		ColorBackground.cs = ColorBackground.cs
		ColorBar.cs = ColorBar.cs
		ColorBar2.cs = ColorBar2.cs
		ColorSquare.cs = ColorSquare.cs
		Logo.cs = Logo.cs
	EndProjectSection
EndProject
Global
	GlobalSection(SolutionConfigurationPlatforms) = preSolution
		Debug|Any CPU = Debug|Any CPU
		Release|Any CPU = Release|Any CPU
	EndGlobalSection
	GlobalSection(ProjectConfigurationPlatforms) = postSolution
		{B30667D8-F500-4483-BFAF-53D7A8583780}.Debug|Any CPU.ActiveCfg = Debug|Any CPU
		{B30667D8-F500-4483-BFAF-53D7A8583780}.Debug|Any CPU.Build.0 = Debug|Any CPU
		{B30667D8-F500-4483-BFAF-53D7A8583780}.Release|Any CPU.ActiveCfg = Release|Any CPU
		{B30667D8-F500-4483-BFAF-53D7A8583780}.Release|Any CPU.Build.0 = Release|Any CPU
	EndGlobalSection
	GlobalSection(SolutionProperties) = preSolution
		HideSolutionNode = FALSE
	EndGlobalSection
	GlobalSection(ExtensibilityGlobals) = postSolution
		SolutionGuid = {F81BD595-55F6-490C-B721-4C74D0536EA2}
	EndGlobalSection
EndGlobal
